// !$*UTF8*$!
{
	archiveVersion = 1;
	classes = {
	};
	objectVersion = 52;
	objects = {

/* Begin PBXBuildFile section */
		AF452B2B242D664900A92256 /* Material.cpp in Sources */ = {isa = PBXBuildFile; fileRef = AF452B29242D664900A92256 /* Material.cpp */; };
		AF452B2E242D6F3A00A92256 /* Light.cpp in Sources */ = {isa = PBXBuildFile; fileRef = AF452B2C242D6F3A00A92256 /* Light.cpp */; };
		AF77DA26242541A200CC28C6 /* Camera.cpp in Sources */ = {isa = PBXBuildFile; fileRef = AF77DA24242541A200CC28C6 /* Camera.cpp */; };
		AFC1C8EB2460A502006DE0B7 /* imgui_draw.cpp in Sources */ = {isa = PBXBuildFile; fileRef = AFC1C8E22460A3F0006DE0B7 /* imgui_draw.cpp */; };
		AFC1C8EC2460A502006DE0B7 /* imgui_impl_opengl3.cpp in Sources */ = {isa = PBXBuildFile; fileRef = AFC1C8E62460A3F0006DE0B7 /* imgui_impl_opengl3.cpp */; };
		AFC1C8ED2460A502006DE0B7 /* imgui_demo.cpp in Sources */ = {isa = PBXBuildFile; fileRef = AFC1C8E82460A3F0006DE0B7 /* imgui_demo.cpp */; };
		AFC1C8EE2460A502006DE0B7 /* imgui.cpp in Sources */ = {isa = PBXBuildFile; fileRef = AFC1C8E02460A3EF006DE0B7 /* imgui.cpp */; };
		AFC1C8EF2460A502006DE0B7 /* imgui_widgets.cpp in Sources */ = {isa = PBXBuildFile; fileRef = AFC1C8E42460A3F0006DE0B7 /* imgui_widgets.cpp */; };
		AFC1C8F02460A502006DE0B7 /* imgui_impl_glfw.cpp in Sources */ = {isa = PBXBuildFile; fileRef = AFC1C8DF2460A3EF006DE0B7 /* imgui_impl_glfw.cpp */; };
		AFC1C8F32463528E006DE0B7 /* PointLight.cpp in Sources */ = {isa = PBXBuildFile; fileRef = AFC1C8F12463528E006DE0B7 /* PointLight.cpp */; };
		AFC1C8F62464DA03006DE0B7 /* SpotLight.cpp in Sources */ = {isa = PBXBuildFile; fileRef = AFC1C8F42464DA03006DE0B7 /* SpotLight.cpp */; };
		AFC1C8F92464FEB7006DE0B7 /* libassimp.5.0.0.dylib in Frameworks */ = {isa = PBXBuildFile; fileRef = AFC1C8F72464FEB7006DE0B7 /* libassimp.5.0.0.dylib */; };
		AFC1C8FA2464FEB7006DE0B7 /* libassimp.5.0.0.dylib in Embed Libraries */ = {isa = PBXBuildFile; fileRef = AFC1C8F72464FEB7006DE0B7 /* libassimp.5.0.0.dylib */; settings = {ATTRIBUTES = (CodeSignOnCopy, ); }; };
		AFC1C8FB2464FEB7006DE0B7 /* libIrrXML.dylib in Frameworks */ = {isa = PBXBuildFile; fileRef = AFC1C8F82464FEB7006DE0B7 /* libIrrXML.dylib */; };
		AFC1C8FC2464FEB7006DE0B7 /* libIrrXML.dylib in Embed Libraries */ = {isa = PBXBuildFile; fileRef = AFC1C8F82464FEB7006DE0B7 /* libIrrXML.dylib */; settings = {ATTRIBUTES = (CodeSignOnCopy, ); }; };
		AFC1C900246624D5006DE0B7 /* Mesh.cpp in Sources */ = {isa = PBXBuildFile; fileRef = AFC1C8FE246624D5006DE0B7 /* Mesh.cpp */; };
		AFEB3AB723EC8C2200BAB87B /* main.cpp in Sources */ = {isa = PBXBuildFile; fileRef = AFEB3AB623EC8C2200BAB87B /* main.cpp */; };
		AFEB3ABF23EC8C8C00BAB87B /* OpenGL.framework in Frameworks */ = {isa = PBXBuildFile; fileRef = AFEB3ABE23EC8C8C00BAB87B /* OpenGL.framework */; };
		AFEB3AC323EC8EB300BAB87B /* libglfw.3.3.dylib in Frameworks */ = {isa = PBXBuildFile; fileRef = AFEB3AC223EC8EB300BAB87B /* libglfw.3.3.dylib */; };
		AFEB3AC423EC988000BAB87B /* libGLEW.2.1.0.dylib in Frameworks */ = {isa = PBXBuildFile; fileRef = AFEB3AC023EC8E6A00BAB87B /* libGLEW.2.1.0.dylib */; };
		AFF0E09C240736F50035E098 /* Shader.cpp in Sources */ = {isa = PBXBuildFile; fileRef = AFF0E09A240736F50035E098 /* Shader.cpp */; };
/* End PBXBuildFile section */

/* Begin PBXCopyFilesBuildPhase section */
		AFC1C8FD2464FEB7006DE0B7 /* Embed Libraries */ = {
			isa = PBXCopyFilesBuildPhase;
			buildActionMask = 2147483647;
			dstPath = "";
			dstSubfolderSpec = 10;
			files = (
				AFC1C8FC2464FEB7006DE0B7 /* libIrrXML.dylib in Embed Libraries */,
				AFC1C8FA2464FEB7006DE0B7 /* libassimp.5.0.0.dylib in Embed Libraries */,
			);
			name = "Embed Libraries";
			runOnlyForDeploymentPostprocessing = 0;
		};
		AFEB3AB123EC8C2200BAB87B /* CopyFiles */ = {
			isa = PBXCopyFilesBuildPhase;
			buildActionMask = 2147483647;
			dstPath = /usr/share/man/man1/;
			dstSubfolderSpec = 0;
			files = (
			);
			runOnlyForDeploymentPostprocessing = 1;
		};
/* End PBXCopyFilesBuildPhase section */

/* Begin PBXFileReference section */
		AF452B29242D664900A92256 /* Material.cpp */ = {isa = PBXFileReference; lastKnownFileType = sourcecode.cpp.cpp; path = Material.cpp; sourceTree = "<group>"; };
		AF452B2A242D664900A92256 /* Material.hpp */ = {isa = PBXFileReference; lastKnownFileType = sourcecode.cpp.h; path = Material.hpp; sourceTree = "<group>"; };
		AF452B2C242D6F3A00A92256 /* Light.cpp */ = {isa = PBXFileReference; lastKnownFileType = sourcecode.cpp.cpp; path = Light.cpp; sourceTree = "<group>"; };
		AF452B2D242D6F3A00A92256 /* Light.hpp */ = {isa = PBXFileReference; lastKnownFileType = sourcecode.cpp.h; path = Light.hpp; sourceTree = "<group>"; };
		AF452B2F242DB60B00A92256 /* container2.png */ = {isa = PBXFileReference; lastKnownFileType = image.png; path = container2.png; sourceTree = "<group>"; };
		AF452B302432DF6C00A92256 /* container2_specular.png */ = {isa = PBXFileReference; lastKnownFileType = image.png; path = container2_specular.png; sourceTree = "<group>"; };
		AF77DA21241F3E3600CC28C6 /* stb_image.h */ = {isa = PBXFileReference; fileEncoding = 4; lastKnownFileType = sourcecode.c.h; path = stb_image.h; sourceTree = "<group>"; };
		AF77DA22242198A800CC28C6 /* container.jpg */ = {isa = PBXFileReference; lastKnownFileType = image.jpeg; path = container.jpg; sourceTree = "<group>"; };
		AF77DA232421E52600CC28C6 /* awesomeface.png */ = {isa = PBXFileReference; lastKnownFileType = image.png; path = awesomeface.png; sourceTree = "<group>"; };
		AF77DA24242541A200CC28C6 /* Camera.cpp */ = {isa = PBXFileReference; lastKnownFileType = sourcecode.cpp.cpp; path = Camera.cpp; sourceTree = "<group>"; };
		AF77DA25242541A200CC28C6 /* Camera.hpp */ = {isa = PBXFileReference; lastKnownFileType = sourcecode.cpp.h; path = Camera.hpp; sourceTree = "<group>"; };
		AF77DA272429877800CC28C6 /* fragmentShader.frag */ = {isa = PBXFileReference; fileEncoding = 4; lastKnownFileType = sourcecode.glsl; path = fragmentShader.frag; sourceTree = "<group>"; };
		AF77DA282429877800CC28C6 /* vertexShader.vert */ = {isa = PBXFileReference; fileEncoding = 4; lastKnownFileType = sourcecode.glsl; path = vertexShader.vert; sourceTree = "<group>"; };
		AFC1C8DD2460A3EF006DE0B7 /* imgui_internal.h */ = {isa = PBXFileReference; lastKnownFileType = sourcecode.c.h; path = imgui_internal.h; sourceTree = "<group>"; };
		AFC1C8DE2460A3EF006DE0B7 /* imstb_textedit.h */ = {isa = PBXFileReference; lastKnownFileType = sourcecode.c.h; path = imstb_textedit.h; sourceTree = "<group>"; };
		AFC1C8DF2460A3EF006DE0B7 /* imgui_impl_glfw.cpp */ = {isa = PBXFileReference; lastKnownFileType = sourcecode.cpp.cpp; path = imgui_impl_glfw.cpp; sourceTree = "<group>"; };
		AFC1C8E02460A3EF006DE0B7 /* imgui.cpp */ = {isa = PBXFileReference; lastKnownFileType = sourcecode.cpp.cpp; path = imgui.cpp; sourceTree = "<group>"; };
		AFC1C8E12460A3F0006DE0B7 /* imstb_truetype.h */ = {isa = PBXFileReference; lastKnownFileType = sourcecode.c.h; path = imstb_truetype.h; sourceTree = "<group>"; };
		AFC1C8E22460A3F0006DE0B7 /* imgui_draw.cpp */ = {isa = PBXFileReference; lastKnownFileType = sourcecode.cpp.cpp; path = imgui_draw.cpp; sourceTree = "<group>"; };
		AFC1C8E32460A3F0006DE0B7 /* imconfig.h */ = {isa = PBXFileReference; lastKnownFileType = sourcecode.c.h; path = imconfig.h; sourceTree = "<group>"; };
		AFC1C8E42460A3F0006DE0B7 /* imgui_widgets.cpp */ = {isa = PBXFileReference; lastKnownFileType = sourcecode.cpp.cpp; path = imgui_widgets.cpp; sourceTree = "<group>"; };
		AFC1C8E52460A3F0006DE0B7 /* imgui_impl_glfw.h */ = {isa = PBXFileReference; lastKnownFileType = sourcecode.c.h; path = imgui_impl_glfw.h; sourceTree = "<group>"; };
		AFC1C8E62460A3F0006DE0B7 /* imgui_impl_opengl3.cpp */ = {isa = PBXFileReference; lastKnownFileType = sourcecode.cpp.cpp; path = imgui_impl_opengl3.cpp; sourceTree = "<group>"; };
		AFC1C8E72460A3F0006DE0B7 /* imstb_rectpack.h */ = {isa = PBXFileReference; lastKnownFileType = sourcecode.c.h; path = imstb_rectpack.h; sourceTree = "<group>"; };
		AFC1C8E82460A3F0006DE0B7 /* imgui_demo.cpp */ = {isa = PBXFileReference; lastKnownFileType = sourcecode.cpp.cpp; path = imgui_demo.cpp; sourceTree = "<group>"; };
		AFC1C8E92460A3F0006DE0B7 /* imgui_impl_opengl3.h */ = {isa = PBXFileReference; lastKnownFileType = sourcecode.c.h; path = imgui_impl_opengl3.h; sourceTree = "<group>"; };
		AFC1C8EA2460A3F0006DE0B7 /* imgui.h */ = {isa = PBXFileReference; lastKnownFileType = sourcecode.c.h; path = imgui.h; sourceTree = "<group>"; };
		AFC1C8F12463528E006DE0B7 /* PointLight.cpp */ = {isa = PBXFileReference; lastKnownFileType = sourcecode.cpp.cpp; path = PointLight.cpp; sourceTree = "<group>"; };
		AFC1C8F22463528E006DE0B7 /* PointLight.hpp */ = {isa = PBXFileReference; lastKnownFileType = sourcecode.cpp.h; path = PointLight.hpp; sourceTree = "<group>"; };
		AFC1C8F42464DA03006DE0B7 /* SpotLight.cpp */ = {isa = PBXFileReference; lastKnownFileType = sourcecode.cpp.cpp; path = SpotLight.cpp; sourceTree = "<group>"; };
		AFC1C8F52464DA03006DE0B7 /* SpotLight.hpp */ = {isa = PBXFileReference; lastKnownFileType = sourcecode.cpp.h; path = SpotLight.hpp; sourceTree = "<group>"; };
		AFC1C8F72464FEB7006DE0B7 /* libassimp.5.0.0.dylib */ = {isa = PBXFileReference; lastKnownFileType = "compiled.mach-o.dylib"; name = libassimp.5.0.0.dylib; path = ../../../../../usr/local/Cellar/assimp/5.0.1/lib/libassimp.5.0.0.dylib; sourceTree = "<group>"; };
		AFC1C8F82464FEB7006DE0B7 /* libIrrXML.dylib */ = {isa = PBXFileReference; lastKnownFileType = "compiled.mach-o.dylib"; name = libIrrXML.dylib; path = ../../../../../usr/local/Cellar/assimp/5.0.1/lib/libIrrXML.dylib; sourceTree = "<group>"; };
		AFC1C8FE246624D5006DE0B7 /* Mesh.cpp */ = {isa = PBXFileReference; lastKnownFileType = sourcecode.cpp.cpp; path = Mesh.cpp; sourceTree = "<group>"; };
		AFC1C8FF246624D5006DE0B7 /* Mesh.hpp */ = {isa = PBXFileReference; lastKnownFileType = sourcecode.cpp.h; path = Mesh.hpp; sourceTree = "<group>"; };
		AFEB3AB323EC8C2200BAB87B /* OpenGL */ = {isa = PBXFileReference; explicitFileType = "compiled.mach-o.executable"; includeInIndex = 0; path = OpenGL; sourceTree = BUILT_PRODUCTS_DIR; };
		AFEB3AB623EC8C2200BAB87B /* main.cpp */ = {isa = PBXFileReference; lastKnownFileType = sourcecode.cpp.cpp; path = main.cpp; sourceTree = "<group>"; };
		AFEB3ABE23EC8C8C00BAB87B /* OpenGL.framework */ = {isa = PBXFileReference; lastKnownFileType = wrapper.framework; name = OpenGL.framework; path = System/Library/Frameworks/OpenGL.framework; sourceTree = SDKROOT; };
		AFEB3AC023EC8E6A00BAB87B /* libGLEW.2.1.0.dylib */ = {isa = PBXFileReference; lastKnownFileType = "compiled.mach-o.dylib"; name = libGLEW.2.1.0.dylib; path = ../../../../../usr/local/Cellar/glew/2.1.0_1/lib/libGLEW.2.1.0.dylib; sourceTree = "<group>"; };
		AFEB3AC223EC8EB300BAB87B /* libglfw.3.3.dylib */ = {isa = PBXFileReference; lastKnownFileType = "compiled.mach-o.dylib"; name = libglfw.3.3.dylib; path = ../../../../../usr/local/Cellar/glfw/3.3.2/lib/libglfw.3.3.dylib; sourceTree = "<group>"; };
		AFF0E09A240736F50035E098 /* Shader.cpp */ = {isa = PBXFileReference; lastKnownFileType = sourcecode.cpp.cpp; path = Shader.cpp; sourceTree = "<group>"; };
		AFF0E09B240736F50035E098 /* Shader.hpp */ = {isa = PBXFileReference; lastKnownFileType = sourcecode.cpp.h; path = Shader.hpp; sourceTree = "<group>"; };
/* End PBXFileReference section */

/* Begin PBXFrameworksBuildPhase section */
		AFEB3AB023EC8C2200BAB87B /* Frameworks */ = {
			isa = PBXFrameworksBuildPhase;
			buildActionMask = 2147483647;
			files = (
				AFEB3AC423EC988000BAB87B /* libGLEW.2.1.0.dylib in Frameworks */,
				AFEB3AC323EC8EB300BAB87B /* libglfw.3.3.dylib in Frameworks */,
				AFC1C8F92464FEB7006DE0B7 /* libassimp.5.0.0.dylib in Frameworks */,
				AFEB3ABF23EC8C8C00BAB87B /* OpenGL.framework in Frameworks */,
				AFC1C8FB2464FEB7006DE0B7 /* libIrrXML.dylib in Frameworks */,
			);
			runOnlyForDeploymentPostprocessing = 0;
		};
/* End PBXFrameworksBuildPhase section */

/* Begin PBXGroup section */
		AFEB3AAA23EC8C2200BAB87B = {
			isa = PBXGroup;
			children = (
				AFEB3AB523EC8C2200BAB87B /* OpenGL */,
				AFEB3AB423EC8C2200BAB87B /* Products */,
				AFEB3ABD23EC8C8C00BAB87B /* Frameworks */,
			);
			sourceTree = "<group>";
		};
		AFEB3AB423EC8C2200BAB87B /* Products */ = {
			isa = PBXGroup;
			children = (
				AFEB3AB323EC8C2200BAB87B /* OpenGL */,
			);
			name = Products;
			sourceTree = "<group>";
		};
		AFEB3AB523EC8C2200BAB87B /* OpenGL */ = {
			isa = PBXGroup;
			children = (
				AF77DA282429877800CC28C6 /* vertexShader.vert */,
				AF77DA272429877800CC28C6 /* fragmentShader.frag */,
				AFEB3AB623EC8C2200BAB87B /* main.cpp */,
				AFC1C8FE246624D5006DE0B7 /* Mesh.cpp */,
				AFC1C8FF246624D5006DE0B7 /* Mesh.hpp */,
				AF452B2D242D6F3A00A92256 /* Light.hpp */,
				AF452B2C242D6F3A00A92256 /* Light.cpp */,
				AFC1C8F12463528E006DE0B7 /* PointLight.cpp */,
				AFC1C8F22463528E006DE0B7 /* PointLight.hpp */,
				AFC1C8F42464DA03006DE0B7 /* SpotLight.cpp */,
				AFC1C8F52464DA03006DE0B7 /* SpotLight.hpp */,
				AF452B2A242D664900A92256 /* Material.hpp */,
				AF452B29242D664900A92256 /* Material.cpp */,
				AF77DA25242541A200CC28C6 /* Camera.hpp */,
				AF77DA24242541A200CC28C6 /* Camera.cpp */,
				AFF0E09B240736F50035E098 /* Shader.hpp */,
				AFF0E09A240736F50035E098 /* Shader.cpp */,
				AF77DA21241F3E3600CC28C6 /* stb_image.h */,
				AF452B2F242DB60B00A92256 /* container2.png */,
				AF77DA22242198A800CC28C6 /* container.jpg */,
				AF77DA232421E52600CC28C6 /* awesomeface.png */,
				AF452B302432DF6C00A92256 /* container2_specular.png */,
				AFC1C8E32460A3F0006DE0B7 /* imconfig.h */,
				AFC1C8E22460A3F0006DE0B7 /* imgui_draw.cpp */,
				AFC1C8DF2460A3EF006DE0B7 /* imgui_impl_glfw.cpp */,
				AFC1C8E52460A3F0006DE0B7 /* imgui_impl_glfw.h */,
				AFC1C8E62460A3F0006DE0B7 /* imgui_impl_opengl3.cpp */,
				AFC1C8E92460A3F0006DE0B7 /* imgui_impl_opengl3.h */,
				AFC1C8DD2460A3EF006DE0B7 /* imgui_internal.h */,
				AFC1C8E02460A3EF006DE0B7 /* imgui.cpp */,
				AFC1C8EA2460A3F0006DE0B7 /* imgui.h */,
				AFC1C8E82460A3F0006DE0B7 /* imgui_demo.cpp */,
				AFC1C8E42460A3F0006DE0B7 /* imgui_widgets.cpp */,
				AFC1C8E72460A3F0006DE0B7 /* imstb_rectpack.h */,
				AFC1C8DE2460A3EF006DE0B7 /* imstb_textedit.h */,
				AFC1C8E12460A3F0006DE0B7 /* imstb_truetype.h */,
			);
			path = OpenGL;
			sourceTree = "<group>";
		};
		AFEB3ABD23EC8C8C00BAB87B /* Frameworks */ = {
			isa = PBXGroup;
			children = (
				AFC1C8F72464FEB7006DE0B7 /* libassimp.5.0.0.dylib */,
				AFC1C8F82464FEB7006DE0B7 /* libIrrXML.dylib */,
				AFEB3AC223EC8EB300BAB87B /* libglfw.3.3.dylib */,
				AFEB3AC023EC8E6A00BAB87B /* libGLEW.2.1.0.dylib */,
				AFEB3ABE23EC8C8C00BAB87B /* OpenGL.framework */,
			);
			name = Frameworks;
			sourceTree = "<group>";
		};
/* End PBXGroup section */

/* Begin PBXNativeTarget section */
		AFEB3AB223EC8C2200BAB87B /* OpenGL */ = {
			isa = PBXNativeTarget;
			buildConfigurationList = AFEB3ABA23EC8C2200BAB87B /* Build configuration list for PBXNativeTarget "OpenGL" */;
			buildPhases = (
				AFEB3AAF23EC8C2200BAB87B /* Sources */,
				AFEB3AB023EC8C2200BAB87B /* Frameworks */,
				AFEB3AB123EC8C2200BAB87B /* CopyFiles */,
				AFC1C8FD2464FEB7006DE0B7 /* Embed Libraries */,
			);
			buildRules = (
			);
			dependencies = (
			);
			name = OpenGL;
			productName = OpenGL;
			productReference = AFEB3AB323EC8C2200BAB87B /* OpenGL */;
			productType = "com.apple.product-type.tool";
		};
/* End PBXNativeTarget section */

/* Begin PBXProject section */
		AFEB3AAB23EC8C2200BAB87B /* Project object */ = {
			isa = PBXProject;
			attributes = {
				LastUpgradeCheck = 1130;
				ORGANIZATIONNAME = "Casper Yang";
				TargetAttributes = {
					AFEB3AB223EC8C2200BAB87B = {
						CreatedOnToolsVersion = 11.3.1;
					};
				};
			};
			buildConfigurationList = AFEB3AAE23EC8C2200BAB87B /* Build configuration list for PBXProject "OpenGL" */;
			compatibilityVersion = "Xcode 11.0";
			developmentRegion = en;
			hasScannedForEncodings = 0;
			knownRegions = (
				en,
				Base,
			);
			mainGroup = AFEB3AAA23EC8C2200BAB87B;
			productRefGroup = AFEB3AB423EC8C2200BAB87B /* Products */;
			projectDirPath = "";
			projectRoot = "";
			targets = (
				AFEB3AB223EC8C2200BAB87B /* OpenGL */,
			);
		};
/* End PBXProject section */

/* Begin PBXSourcesBuildPhase section */
		AFEB3AAF23EC8C2200BAB87B /* Sources */ = {
			isa = PBXSourcesBuildPhase;
			buildActionMask = 2147483647;
			files = (
				AF452B2E242D6F3A00A92256 /* Light.cpp in Sources */,
				AF452B2B242D664900A92256 /* Material.cpp in Sources */,
				AFF0E09C240736F50035E098 /* Shader.cpp in Sources */,
				AFC1C8F62464DA03006DE0B7 /* SpotLight.cpp in Sources */,
				AFC1C8EF2460A502006DE0B7 /* imgui_widgets.cpp in Sources */,
				AFC1C8EC2460A502006DE0B7 /* imgui_impl_opengl3.cpp in Sources */,
				AFC1C8EB2460A502006DE0B7 /* imgui_draw.cpp in Sources */,
				AFC1C8F02460A502006DE0B7 /* imgui_impl_glfw.cpp in Sources */,
				AF77DA26242541A200CC28C6 /* Camera.cpp in Sources */,
				AFC1C8ED2460A502006DE0B7 /* imgui_demo.cpp in Sources */,
				AFC1C900246624D5006DE0B7 /* Mesh.cpp in Sources */,
				AFC1C8F32463528E006DE0B7 /* PointLight.cpp in Sources */,
				AFEB3AB723EC8C2200BAB87B /* main.cpp in Sources */,
				AFC1C8EE2460A502006DE0B7 /* imgui.cpp in Sources */,
			);
			runOnlyForDeploymentPostprocessing = 0;
		};
/* End PBXSourcesBuildPhase section */

/* Begin XCBuildConfiguration section */
		AFEB3AB823EC8C2200BAB87B /* Debug */ = {
			isa = XCBuildConfiguration;
			buildSettings = {
				ALWAYS_SEARCH_USER_PATHS = NO;
				CLANG_ANALYZER_NONNULL = YES;
				CLANG_ANALYZER_NUMBER_OBJECT_CONVERSION = YES_AGGRESSIVE;
				CLANG_CXX_LANGUAGE_STANDARD = "gnu++14";
				CLANG_CXX_LIBRARY = "libc++";
				CLANG_ENABLE_MODULES = YES;
				CLANG_ENABLE_OBJC_ARC = YES;
				CLANG_ENABLE_OBJC_WEAK = YES;
				CLANG_WARN_BLOCK_CAPTURE_AUTORELEASING = YES;
				CLANG_WARN_BOOL_CONVERSION = YES;
				CLANG_WARN_COMMA = YES;
				CLANG_WARN_CONSTANT_CONVERSION = YES;
				CLANG_WARN_DEPRECATED_OBJC_IMPLEMENTATIONS = YES;
				CLANG_WARN_DIRECT_OBJC_ISA_USAGE = YES_ERROR;
				CLANG_WARN_DOCUMENTATION_COMMENTS = YES;
				CLANG_WARN_EMPTY_BODY = YES;
				CLANG_WARN_ENUM_CONVERSION = YES;
				CLANG_WARN_INFINITE_RECURSION = YES;
				CLANG_WARN_INT_CONVERSION = YES;
				CLANG_WARN_NON_LITERAL_NULL_CONVERSION = YES;
				CLANG_WARN_OBJC_IMPLICIT_RETAIN_SELF = YES;
				CLANG_WARN_OBJC_LITERAL_CONVERSION = YES;
				CLANG_WARN_OBJC_ROOT_CLASS = YES_ERROR;
				CLANG_WARN_RANGE_LOOP_ANALYSIS = YES;
				CLANG_WARN_STRICT_PROTOTYPES = YES;
				CLANG_WARN_SUSPICIOUS_MOVE = YES;
				CLANG_WARN_UNGUARDED_AVAILABILITY = YES_AGGRESSIVE;
				CLANG_WARN_UNREACHABLE_CODE = YES;
				CLANG_WARN__DUPLICATE_METHOD_MATCH = YES;
				COPY_PHASE_STRIP = NO;
				DEBUG_INFORMATION_FORMAT = dwarf;
				ENABLE_STRICT_OBJC_MSGSEND = YES;
				ENABLE_TESTABILITY = YES;
				GCC_C_LANGUAGE_STANDARD = gnu11;
				GCC_DYNAMIC_NO_PIC = NO;
				GCC_NO_COMMON_BLOCKS = YES;
				GCC_OPTIMIZATION_LEVEL = 0;
				GCC_PREPROCESSOR_DEFINITIONS = (
					"DEBUG=1",
					"$(inherited)",
				);
				GCC_WARN_64_TO_32_BIT_CONVERSION = YES;
				GCC_WARN_ABOUT_RETURN_TYPE = YES_ERROR;
				GCC_WARN_UNDECLARED_SELECTOR = YES;
				GCC_WARN_UNINITIALIZED_AUTOS = YES_AGGRESSIVE;
				GCC_WARN_UNUSED_FUNCTION = YES;
				GCC_WARN_UNUSED_VARIABLE = YES;
				HEADER_SEARCH_PATHS = (
					/usr/local/Cellar/glfw/3.3.2/include,
					/usr/local/Cellar/glew/2.1.0_1/include,
					/usr/local/Cellar/glm/0.9.9.5/include,
					/usr/local/include,
				);
				MACOSX_DEPLOYMENT_TARGET = 10.14;
				MTL_ENABLE_DEBUG_INFO = INCLUDE_SOURCE;
				MTL_FAST_MATH = YES;
				ONLY_ACTIVE_ARCH = YES;
				SDKROOT = macosx;
			};
			name = Debug;
		};
		AFEB3AB923EC8C2200BAB87B /* Release */ = {
			isa = XCBuildConfiguration;
			buildSettings = {
				ALWAYS_SEARCH_USER_PATHS = NO;
				CLANG_ANALYZER_NONNULL = YES;
				CLANG_ANALYZER_NUMBER_OBJECT_CONVERSION = YES_AGGRESSIVE;
				CLANG_CXX_LANGUAGE_STANDARD = "gnu++14";
				CLANG_CXX_LIBRARY = "libc++";
				CLANG_ENABLE_MODULES = YES;
				CLANG_ENABLE_OBJC_ARC = YES;
				CLANG_ENABLE_OBJC_WEAK = YES;
				CLANG_WARN_BLOCK_CAPTURE_AUTORELEASING = YES;
				CLANG_WARN_BOOL_CONVERSION = YES;
				CLANG_WARN_COMMA = YES;
				CLANG_WARN_CONSTANT_CONVERSION = YES;
				CLANG_WARN_DEPRECATED_OBJC_IMPLEMENTATIONS = YES;
				CLANG_WARN_DIRECT_OBJC_ISA_USAGE = YES_ERROR;
				CLANG_WARN_DOCUMENTATION_COMMENTS = YES;
				CLANG_WARN_EMPTY_BODY = YES;
				CLANG_WARN_ENUM_CONVERSION = YES;
				CLANG_WARN_INFINITE_RECURSION = YES;
				CLANG_WARN_INT_CONVERSION = YES;
				CLANG_WARN_NON_LITERAL_NULL_CONVERSION = YES;
				CLANG_WARN_OBJC_IMPLICIT_RETAIN_SELF = YES;
				CLANG_WARN_OBJC_LITERAL_CONVERSION = YES;
				CLANG_WARN_OBJC_ROOT_CLASS = YES_ERROR;
				CLANG_WARN_RANGE_LOOP_ANALYSIS = YES;
				CLANG_WARN_STRICT_PROTOTYPES = YES;
				CLANG_WARN_SUSPICIOUS_MOVE = YES;
				CLANG_WARN_UNGUARDED_AVAILABILITY = YES_AGGRESSIVE;
				CLANG_WARN_UNREACHABLE_CODE = YES;
				CLANG_WARN__DUPLICATE_METHOD_MATCH = YES;
				COPY_PHASE_STRIP = NO;
				DEBUG_INFORMATION_FORMAT = "dwarf-with-dsym";
				ENABLE_NS_ASSERTIONS = NO;
				ENABLE_STRICT_OBJC_MSGSEND = YES;
				GCC_C_LANGUAGE_STANDARD = gnu11;
				GCC_NO_COMMON_BLOCKS = YES;
				GCC_WARN_64_TO_32_BIT_CONVERSION = YES;
				GCC_WARN_ABOUT_RETURN_TYPE = YES_ERROR;
				GCC_WARN_UNDECLARED_SELECTOR = YES;
				GCC_WARN_UNINITIALIZED_AUTOS = YES_AGGRESSIVE;
				GCC_WARN_UNUSED_FUNCTION = YES;
				GCC_WARN_UNUSED_VARIABLE = YES;
				HEADER_SEARCH_PATHS = (
					/usr/local/Cellar/glfw/3.3.2/include,
					/usr/local/Cellar/glew/2.1.0_1/include,
					/usr/local/Cellar/glm/0.9.9.5/include,
					/usr/local/include,
				);
				MACOSX_DEPLOYMENT_TARGET = 10.14;
				MTL_ENABLE_DEBUG_INFO = NO;
				MTL_FAST_MATH = YES;
				SDKROOT = macosx;
			};
			name = Release;
		};
		AFEB3ABB23EC8C2200BAB87B /* Debug */ = {
			isa = XCBuildConfiguration;
			buildSettings = {
				CODE_SIGN_STYLE = Automatic;
				HEADER_SEARCH_PATHS = (
					/usr/local/Cellar/glfw/3.3.2/include,
					/usr/local/Cellar/glew/2.1.0_1/include/GL,
					/usr/local/include,
				);
				LIBRARY_SEARCH_PATHS = (
					"$(inherited)",
					/usr/local/Cellar/glew/2.1.0_1/lib,
					/usr/local/Cellar/glfw/3.3.2/lib,
					/usr/local/Cellar/assimp/5.0.1/lib,
				);
				PRODUCT_NAME = "$(TARGET_NAME)";
			};
			name = Debug;
		};
		AFEB3ABC23EC8C2200BAB87B /* Release */ = {
			isa = XCBuildConfiguration;
			buildSettings = {
				CODE_SIGN_STYLE = Automatic;
				HEADER_SEARCH_PATHS = (
					/usr/local/Cellar/glfw/3.3.2/include,
					/usr/local/Cellar/glew/2.1.0_1/include/GL,
					/usr/local/include,
				);
				LIBRARY_SEARCH_PATHS = (
					"$(inherited)",
					/usr/local/Cellar/glew/2.1.0_1/lib,
					/usr/local/Cellar/glfw/3.3.2/lib,
					/usr/local/Cellar/assimp/5.0.1/lib,
				);
				PRODUCT_NAME = "$(TARGET_NAME)";
			};
			name = Release;
		};
/* End XCBuildConfiguration section */

/* Begin XCConfigurationList section */
		AFEB3AAE23EC8C2200BAB87B /* Build configuration list for PBXProject "OpenGL" */ = {
			isa = XCConfigurationList;
			buildConfigurations = (
				AFEB3AB823EC8C2200BAB87B /* Debug */,
				AFEB3AB923EC8C2200BAB87B /* Release */,
			);
			defaultConfigurationIsVisible = 0;
			defaultConfigurationName = Release;
		};
		AFEB3ABA23EC8C2200BAB87B /* Build configuration list for PBXNativeTarget "OpenGL" */ = {
			isa = XCConfigurationList;
			buildConfigurations = (
				AFEB3ABB23EC8C2200BAB87B /* Debug */,
				AFEB3ABC23EC8C2200BAB87B /* Release */,
			);
			defaultConfigurationIsVisible = 0;
			defaultConfigurationName = Release;
		};
/* End XCConfigurationList section */
	};
	rootObject = AFEB3AAB23EC8C2200BAB87B /* Project object */;
}
